PODS:
  - Nimble (11.2.1)
  - Quick (6.1.0)

DEPENDENCIES:
  - Nimble
  - Quick

SPEC REPOS:
  trunk:
    - Nimble
    - Quick

SPEC CHECKSUMS:
  Nimble: 516ac503a0fafaa8e41dbb4a70a61be421fa893a
  Quick: 6676ffb409bf04abba2ff23902af2407bfc6ac90

PODFILE CHECKSUM: ee8b83d9fd6e9b150a7dcd6ee3f1f3cd4fdb97bd

COCOAPODS: 1.11.3
