// !$*UTF8*$!
{
	archiveVersion = 1;
	classes = {
	};
	objectVersion = 56;
	objects = {

/* Begin PBXBuildFile section */
		45F13F6D2995A77E00F49B9A /* AppDelegate.swift in Sources */ = {isa = PBXBuildFile; fileRef = 45F13F6C2995A77E00F49B9A /* AppDelegate.swift */; };
		45F13F6F2995A77E00F49B9A /* SceneDelegate.swift in Sources */ = {isa = PBXBuildFile; fileRef = 45F13F6E2995A77E00F49B9A /* SceneDelegate.swift */; };
		45F13F712995A77E00F49B9A /* ViewController.swift in Sources */ = {isa = PBXBuildFile; fileRef = 45F13F702995A77E00F49B9A /* ViewController.swift */; };
		45F13F742995A77E00F49B9A /* Main.storyboard in Resources */ = {isa = PBXBuildFile; fileRef = 45F13F722995A77E00F49B9A /* Main.storyboard */; };
		45F13F762995A78300F49B9A /* Assets.xcassets in Resources */ = {isa = PBXBuildFile; fileRef = 45F13F752995A78300F49B9A /* Assets.xcassets */; };
		45F13F792995A78300F49B9A /* LaunchScreen.storyboard in Resources */ = {isa = PBXBuildFile; fileRef = 45F13F772995A78300F49B9A /* LaunchScreen.storyboard */; };
		45F13F842995A78400F49B9A /* Telecom_challengeTests.swift in Sources */ = {isa = PBXBuildFile; fileRef = 45F13F832995A78400F49B9A /* Telecom_challengeTests.swift */; };
		45F13F8E2995A78400F49B9A /* Telecom_challengeUITests.swift in Sources */ = {isa = PBXBuildFile; fileRef = 45F13F8D2995A78400F49B9A /* Telecom_challengeUITests.swift */; };
		45F13F902995A78400F49B9A /* Telecom_challengeUITestsLaunchTests.swift in Sources */ = {isa = PBXBuildFile; fileRef = 45F13F8F2995A78400F49B9A /* Telecom_challengeUITestsLaunchTests.swift */; };
/* End PBXBuildFile section */

/* Begin PBXContainerItemProxy section */
		45F13F802995A78400F49B9A /* PBXContainerItemProxy */ = {
			isa = PBXContainerItemProxy;
			containerPortal = 45F13F612995A77E00F49B9A /* Project object */;
			proxyType = 1;
			remoteGlobalIDString = 45F13F682995A77E00F49B9A;
			remoteInfo = "Telecom-challenge";
		};
		45F13F8A2995A78400F49B9A /* PBXContainerItemProxy */ = {
			isa = PBXContainerItemProxy;
			containerPortal = 45F13F612995A77E00F49B9A /* Project object */;
			proxyType = 1;
			remoteGlobalIDString = 45F13F682995A77E00F49B9A;
			remoteInfo = "Telecom-challenge";
		};
/* End PBXContainerItemProxy section */

/* Begin PBXFileReference section */
		45F13F692995A77E00F49B9A /* Telecom-challenge.app */ = {isa = PBXFileReference; explicitFileType = wrapper.application; includeInIndex = 0; path = "Telecom-challenge.app"; sourceTree = BUILT_PRODUCTS_DIR; };
		45F13F6C2995A77E00F49B9A /* AppDelegate.swift */ = {isa = PBXFileReference; lastKnownFileType = sourcecode.swift; path = AppDelegate.swift; sourceTree = "<group>"; };
		45F13F6E2995A77E00F49B9A /* SceneDelegate.swift */ = {isa = PBXFileReference; lastKnownFileType = sourcecode.swift; path = SceneDelegate.swift; sourceTree = "<group>"; };
		45F13F702995A77E00F49B9A /* ViewController.swift */ = {isa = PBXFileReference; lastKnownFileType = sourcecode.swift; path = ViewController.swift; sourceTree = "<group>"; };
		45F13F732995A77E00F49B9A /* Base */ = {isa = PBXFileReference; lastKnownFileType = file.storyboard; name = Base; path = Base.lproj/Main.storyboard; sourceTree = "<group>"; };
		45F13F752995A78300F49B9A /* Assets.xcassets */ = {isa = PBXFileReference; lastKnownFileType = folder.assetcatalog; path = Assets.xcassets; sourceTree = "<group>"; };
		45F13F782995A78300F49B9A /* Base */ = {isa = PBXFileReference; lastKnownFileType = file.storyboard; name = Base; path = Base.lproj/LaunchScreen.storyboard; sourceTree = "<group>"; };
		45F13F7A2995A78300F49B9A /* Info.plist */ = {isa = PBXFileReference; lastKnownFileType = text.plist.xml; path = Info.plist; sourceTree = "<group>"; };
		45F13F7F2995A78400F49B9A /* Telecom-challengeTests.xctest */ = {isa = PBXFileReference; explicitFileType = wrapper.cfbundle; includeInIndex = 0; path = "Telecom-challengeTests.xctest"; sourceTree = BUILT_PRODUCTS_DIR; };
		45F13F832995A78400F49B9A /* Telecom_challengeTests.swift */ = {isa = PBXFileReference; lastKnownFileType = sourcecode.swift; path = Telecom_challengeTests.swift; sourceTree = "<group>"; };
		45F13F892995A78400F49B9A /* Telecom-challengeUITests.xctest */ = {isa = PBXFileReference; explicitFileType = wrapper.cfbundle; includeInIndex = 0; path = "Telecom-challengeUITests.xctest"; sourceTree = BUILT_PRODUCTS_DIR; };
		45F13F8D2995A78400F49B9A /* Telecom_challengeUITests.swift */ = {isa = PBXFileReference; lastKnownFileType = sourcecode.swift; path = Telecom_challengeUITests.swift; sourceTree = "<group>"; };
		45F13F8F2995A78400F49B9A /* Telecom_challengeUITestsLaunchTests.swift */ = {isa = PBXFileReference; lastKnownFileType = sourcecode.swift; path = Telecom_challengeUITestsLaunchTests.swift; sourceTree = "<group>"; };
/* End PBXFileReference section */

/* Begin PBXFrameworksBuildPhase section */
		45F13F662995A77E00F49B9A /* Frameworks */ = {
			isa = PBXFrameworksBuildPhase;
			buildActionMask = 2147483647;
			files = (
			);
			runOnlyForDeploymentPostprocessing = 0;
		};
		45F13F7C2995A78400F49B9A /* Frameworks */ = {
			isa = PBXFrameworksBuildPhase;
			buildActionMask = 2147483647;
			files = (
			);
			runOnlyForDeploymentPostprocessing = 0;
		};
		45F13F862995A78400F49B9A /* Frameworks */ = {
			isa = PBXFrameworksBuildPhase;
			buildActionMask = 2147483647;
			files = (
			);
			runOnlyForDeploymentPostprocessing = 0;
		};
/* End PBXFrameworksBuildPhase section */

/* Begin PBXGroup section */
		45F13F602995A77E00F49B9A = {
			isa = PBXGroup;
			children = (
				45F13F6B2995A77E00F49B9A /* Telecom-challenge */,
				45F13F822995A78400F49B9A /* Telecom-challengeTests */,
				45F13F8C2995A78400F49B9A /* Telecom-challengeUITests */,
				45F13F6A2995A77E00F49B9A /* Products */,
			);
			sourceTree = "<group>";
		};
		45F13F6A2995A77E00F49B9A /* Products */ = {
			isa = PBXGroup;
			children = (
				45F13F692995A77E00F49B9A /* Telecom-challenge.app */,
				45F13F7F2995A78400F49B9A /* Telecom-challengeTests.xctest */,
				45F13F892995A78400F49B9A /* Telecom-challengeUITests.xctest */,
			);
			name = Products;
			sourceTree = "<group>";
		};
		45F13F6B2995A77E00F49B9A /* Telecom-challenge */ = {
			isa = PBXGroup;
			children = (
				45F13F6C2995A77E00F49B9A /* AppDelegate.swift */,
				45F13F6E2995A77E00F49B9A /* SceneDelegate.swift */,
				45F13F702995A77E00F49B9A /* ViewController.swift */,
				45F13F722995A77E00F49B9A /* Main.storyboard */,
				45F13F752995A78300F49B9A /* Assets.xcassets */,
				45F13F772995A78300F49B9A /* LaunchScreen.storyboard */,
				45F13F7A2995A78300F49B9A /* Info.plist */,
			);
			path = "Telecom-challenge";
			sourceTree = "<group>";
		};
		45F13F822995A78400F49B9A /* Telecom-challengeTests */ = {
			isa = PBXGroup;
			children = (
				45F13F832995A78400F49B9A /* Telecom_challengeTests.swift */,
			);
			path = "Telecom-challengeTests";
			sourceTree = "<group>";
		};
		45F13F8C2995A78400F49B9A /* Telecom-challengeUITests */ = {
			isa = PBXGroup;
			children = (
				45F13F8D2995A78400F49B9A /* Telecom_challengeUITests.swift */,
				45F13F8F2995A78400F49B9A /* Telecom_challengeUITestsLaunchTests.swift */,
			);
			path = "Telecom-challengeUITests";
			sourceTree = "<group>";
		};
/* End PBXGroup section */

/* Begin PBXNativeTarget section */
		45F13F682995A77E00F49B9A /* Telecom-challenge */ = {
			isa = PBXNativeTarget;
			buildConfigurationList = 45F13F932995A78400F49B9A /* Build configuration list for PBXNativeTarget "Telecom-challenge" */;
			buildPhases = (
				45F13F652995A77E00F49B9A /* Sources */,
				45F13F662995A77E00F49B9A /* Frameworks */,
				45F13F672995A77E00F49B9A /* Resources */,
			);
			buildRules = (
			);
			dependencies = (
			);
			name = "Telecom-challenge";
			productName = "Telecom-challenge";
			productReference = 45F13F692995A77E00F49B9A /* Telecom-challenge.app */;
			productType = "com.apple.product-type.application";
		};
		45F13F7E2995A78400F49B9A /* Telecom-challengeTests */ = {
			isa = PBXNativeTarget;
			buildConfigurationList = 45F13F962995A78400F49B9A /* Build configuration list for PBXNativeTarget "Telecom-challengeTests" */;
			buildPhases = (
				45F13F7B2995A78400F49B9A /* Sources */,
				45F13F7C2995A78400F49B9A /* Frameworks */,
				45F13F7D2995A78400F49B9A /* Resources */,
			);
			buildRules = (
			);
			dependencies = (
				45F13F812995A78400F49B9A /* PBXTargetDependency */,
			);
			name = "Telecom-challengeTests";
			productName = "Telecom-challengeTests";
			productReference = 45F13F7F2995A78400F49B9A /* Telecom-challengeTests.xctest */;
			productType = "com.apple.product-type.bundle.unit-test";
		};
		45F13F882995A78400F49B9A /* Telecom-challengeUITests */ = {
			isa = PBXNativeTarget;
			buildConfigurationList = 45F13F992995A78400F49B9A /* Build configuration list for PBXNativeTarget "Telecom-challengeUITests" */;
			buildPhases = (
				45F13F852995A78400F49B9A /* Sources */,
				45F13F862995A78400F49B9A /* Frameworks */,
				45F13F872995A78400F49B9A /* Resources */,
			);
			buildRules = (
			);
			dependencies = (
				45F13F8B2995A78400F49B9A /* PBXTargetDependency */,
			);
			name = "Telecom-challengeUITests";
			productName = "Telecom-challengeUITests";
			productReference = 45F13F892995A78400F49B9A /* Telecom-challengeUITests.xctest */;
			productType = "com.apple.product-type.bundle.ui-testing";
		};
/* End PBXNativeTarget section */

/* Begin PBXProject section */
		45F13F612995A77E00F49B9A /* Project object */ = {
			isa = PBXProject;
			attributes = {
				BuildIndependentTargetsInParallel = 1;
				LastSwiftUpdateCheck = 1420;
				LastUpgradeCheck = 1420;
				TargetAttributes = {
					45F13F682995A77E00F49B9A = {
						CreatedOnToolsVersion = 14.2;
					};
					45F13F7E2995A78400F49B9A = {
						CreatedOnToolsVersion = 14.2;
						TestTargetID = 45F13F682995A77E00F49B9A;
					};
					45F13F882995A78400F49B9A = {
						CreatedOnToolsVersion = 14.2;
						TestTargetID = 45F13F682995A77E00F49B9A;
					};
				};
			};
			buildConfigurationList = 45F13F642995A77E00F49B9A /* Build configuration list for PBXProject "Telecom-challenge" */;
			compatibilityVersion = "Xcode 14.0";
			developmentRegion = en;
			hasScannedForEncodings = 0;
			knownRegions = (
				en,
				Base,
			);
			mainGroup = 45F13F602995A77E00F49B9A;
			productRefGroup = 45F13F6A2995A77E00F49B9A /* Products */;
			projectDirPath = "";
			projectRoot = "";
			targets = (
				45F13F682995A77E00F49B9A /* Telecom-challenge */,
				45F13F7E2995A78400F49B9A /* Telecom-challengeTests */,
				45F13F882995A78400F49B9A /* Telecom-challengeUITests */,
			);
		};
/* End PBXProject section */

/* Begin PBXResourcesBuildPhase section */
		45F13F672995A77E00F49B9A /* Resources */ = {
			isa = PBXResourcesBuildPhase;
			buildActionMask = 2147483647;
			files = (
				45F13F792995A78300F49B9A /* LaunchScreen.storyboard in Resources */,
				45F13F762995A78300F49B9A /* Assets.xcassets in Resources */,
				45F13F742995A77E00F49B9A /* Main.storyboard in Resources */,
			);
			runOnlyForDeploymentPostprocessing = 0;
		};
		45F13F7D2995A78400F49B9A /* Resources */ = {
			isa = PBXResourcesBuildPhase;
			buildActionMask = 2147483647;
			files = (
			);
			runOnlyForDeploymentPostprocessing = 0;
		};
		45F13F872995A78400F49B9A /* Resources */ = {
			isa = PBXResourcesBuildPhase;
			buildActionMask = 2147483647;
			files = (
			);
			runOnlyForDeploymentPostprocessing = 0;
		};
/* End PBXResourcesBuildPhase section */

/* Begin PBXSourcesBuildPhase section */
		45F13F652995A77E00F49B9A /* Sources */ = {
			isa = PBXSourcesBuildPhase;
			buildActionMask = 2147483647;
			files = (
				45F13F712995A77E00F49B9A /* ViewController.swift in Sources */,
				45F13F6D2995A77E00F49B9A /* AppDelegate.swift in Sources */,
				45F13F6F2995A77E00F49B9A /* SceneDelegate.swift in Sources */,
			);
			runOnlyForDeploymentPostprocessing = 0;
		};
		45F13F7B2995A78400F49B9A /* Sources */ = {
			isa = PBXSourcesBuildPhase;
			buildActionMask = 2147483647;
			files = (
				45F13F842995A78400F49B9A /* Telecom_challengeTests.swift in Sources */,
			);
			runOnlyForDeploymentPostprocessing = 0;
		};
		45F13F852995A78400F49B9A /* Sources */ = {
			isa = PBXSourcesBuildPhase;
			buildActionMask = 2147483647;
			files = (
				45F13F902995A78400F49B9A /* Telecom_challengeUITestsLaunchTests.swift in Sources */,
				45F13F8E2995A78400F49B9A /* Telecom_challengeUITests.swift in Sources */,
			);
			runOnlyForDeploymentPostprocessing = 0;
		};
/* End PBXSourcesBuildPhase section */

/* Begin PBXTargetDependency section */
		45F13F812995A78400F49B9A /* PBXTargetDependency */ = {
			isa = PBXTargetDependency;
			target = 45F13F682995A77E00F49B9A /* Telecom-challenge */;
			targetProxy = 45F13F802995A78400F49B9A /* PBXContainerItemProxy */;
		};
		45F13F8B2995A78400F49B9A /* PBXTargetDependency */ = {
			isa = PBXTargetDependency;
			target = 45F13F682995A77E00F49B9A /* Telecom-challenge */;
			targetProxy = 45F13F8A2995A78400F49B9A /* PBXContainerItemProxy */;
		};
/* End PBXTargetDependency section */

/* Begin PBXVariantGroup section */
		45F13F722995A77E00F49B9A /* Main.storyboard */ = {
			isa = PBXVariantGroup;
			children = (
				45F13F732995A77E00F49B9A /* Base */,
			);
			name = Main.storyboard;
			sourceTree = "<group>";
		};
		45F13F772995A78300F49B9A /* LaunchScreen.storyboard */ = {
			isa = PBXVariantGroup;
			children = (
				45F13F782995A78300F49B9A /* Base */,
			);
			name = LaunchScreen.storyboard;
			sourceTree = "<group>";
		};
/* End PBXVariantGroup section */

/* Begin XCBuildConfiguration section */
		45F13F912995A78400F49B9A /* Debug */ = {
			isa = XCBuildConfiguration;
			buildSettings = {
				ALWAYS_SEARCH_USER_PATHS = NO;
				CLANG_ANALYZER_NONNULL = YES;
				CLANG_ANALYZER_NUMBER_OBJECT_CONVERSION = YES_AGGRESSIVE;
				CLANG_CXX_LANGUAGE_STANDARD = "gnu++20";
				CLANG_ENABLE_MODULES = YES;
				CLANG_ENABLE_OBJC_ARC = YES;
				CLANG_ENABLE_OBJC_WEAK = YES;
				CLANG_WARN_BLOCK_CAPTURE_AUTORELEASING = YES;
				CLANG_WARN_BOOL_CONVERSION = YES;
				CLANG_WARN_COMMA = YES;
				CLANG_WARN_CONSTANT_CONVERSION = YES;
				CLANG_WARN_DEPRECATED_OBJC_IMPLEMENTATIONS = YES;
				CLANG_WARN_DIRECT_OBJC_ISA_USAGE = YES_ERROR;
				CLANG_WARN_DOCUMENTATION_COMMENTS = YES;
				CLANG_WARN_EMPTY_BODY = YES;
				CLANG_WARN_ENUM_CONVERSION = YES;
				CLANG_WARN_INFINITE_RECURSION = YES;
				CLANG_WARN_INT_CONVERSION = YES;
				CLANG_WARN_NON_LITERAL_NULL_CONVERSION = YES;
				CLANG_WARN_OBJC_IMPLICIT_RETAIN_SELF = YES;
				CLANG_WARN_OBJC_LITERAL_CONVERSION = YES;
				CLANG_WARN_OBJC_ROOT_CLASS = YES_ERROR;
				CLANG_WARN_QUOTED_INCLUDE_IN_FRAMEWORK_HEADER = YES;
				CLANG_WARN_RANGE_LOOP_ANALYSIS = YES;
				CLANG_WARN_STRICT_PROTOTYPES = YES;
				CLANG_WARN_SUSPICIOUS_MOVE = YES;
				CLANG_WARN_UNGUARDED_AVAILABILITY = YES_AGGRESSIVE;
				CLANG_WARN_UNREACHABLE_CODE = YES;
				CLANG_WARN__DUPLICATE_METHOD_MATCH = YES;
				COPY_PHASE_STRIP = NO;
				DEBUG_INFORMATION_FORMAT = dwarf;
				ENABLE_STRICT_OBJC_MSGSEND = YES;
				ENABLE_TESTABILITY = YES;
				GCC_C_LANGUAGE_STANDARD = gnu11;
				GCC_DYNAMIC_NO_PIC = NO;
				GCC_NO_COMMON_BLOCKS = YES;
				GCC_OPTIMIZATION_LEVEL = 0;
				GCC_PREPROCESSOR_DEFINITIONS = (
					"DEBUG=1",
					"$(inherited)",
				);
				GCC_WARN_64_TO_32_BIT_CONVERSION = YES;
				GCC_WARN_ABOUT_RETURN_TYPE = YES_ERROR;
				GCC_WARN_UNDECLARED_SELECTOR = YES;
				GCC_WARN_UNINITIALIZED_AUTOS = YES_AGGRESSIVE;
				GCC_WARN_UNUSED_FUNCTION = YES;
				GCC_WARN_UNUSED_VARIABLE = YES;
				IPHONEOS_DEPLOYMENT_TARGET = 16.2;
				MTL_ENABLE_DEBUG_INFO = INCLUDE_SOURCE;
				MTL_FAST_MATH = YES;
				ONLY_ACTIVE_ARCH = YES;
				SDKROOT = iphoneos;
				SWIFT_ACTIVE_COMPILATION_CONDITIONS = DEBUG;
				SWIFT_OPTIMIZATION_LEVEL = "-Onone";
			};
			name = Debug;
		};
		45F13F922995A78400F49B9A /* Release */ = {
			isa = XCBuildConfiguration;
			buildSettings = {
				ALWAYS_SEARCH_USER_PATHS = NO;
				CLANG_ANALYZER_NONNULL = YES;
				CLANG_ANALYZER_NUMBER_OBJECT_CONVERSION = YES_AGGRESSIVE;
				CLANG_CXX_LANGUAGE_STANDARD = "gnu++20";
				CLANG_ENABLE_MODULES = YES;
				CLANG_ENABLE_OBJC_ARC = YES;
				CLANG_ENABLE_OBJC_WEAK = YES;
				CLANG_WARN_BLOCK_CAPTURE_AUTORELEASING = YES;
				CLANG_WARN_BOOL_CONVERSION = YES;
				CLANG_WARN_COMMA = YES;
				CLANG_WARN_CONSTANT_CONVERSION = YES;
				CLANG_WARN_DEPRECATED_OBJC_IMPLEMENTATIONS = YES;
				CLANG_WARN_DIRECT_OBJC_ISA_USAGE = YES_ERROR;
				CLANG_WARN_DOCUMENTATION_COMMENTS = YES;
				CLANG_WARN_EMPTY_BODY = YES;
				CLANG_WARN_ENUM_CONVERSION = YES;
				CLANG_WARN_INFINITE_RECURSION = YES;
				CLANG_WARN_INT_CONVERSION = YES;
				CLANG_WARN_NON_LITERAL_NULL_CONVERSION = YES;
				CLANG_WARN_OBJC_IMPLICIT_RETAIN_SELF = YES;
				CLANG_WARN_OBJC_LITERAL_CONVERSION = YES;
				CLANG_WARN_OBJC_ROOT_CLASS = YES_ERROR;
				CLANG_WARN_QUOTED_INCLUDE_IN_FRAMEWORK_HEADER = YES;
				CLANG_WARN_RANGE_LOOP_ANALYSIS = YES;
				CLANG_WARN_STRICT_PROTOTYPES = YES;
				CLANG_WARN_SUSPICIOUS_MOVE = YES;
				CLANG_WARN_UNGUARDED_AVAILABILITY = YES_AGGRESSIVE;
				CLANG_WARN_UNREACHABLE_CODE = YES;
				CLANG_WARN__DUPLICATE_METHOD_MATCH = YES;
				COPY_PHASE_STRIP = NO;
				DEBUG_INFORMATION_FORMAT = "dwarf-with-dsym";
				ENABLE_NS_ASSERTIONS = NO;
				ENABLE_STRICT_OBJC_MSGSEND = YES;
				GCC_C_LANGUAGE_STANDARD = gnu11;
				GCC_NO_COMMON_BLOCKS = YES;
				GCC_WARN_64_TO_32_BIT_CONVERSION = YES;
				GCC_WARN_ABOUT_RETURN_TYPE = YES_ERROR;
				GCC_WARN_UNDECLARED_SELECTOR = YES;
				GCC_WARN_UNINITIALIZED_AUTOS = YES_AGGRESSIVE;
				GCC_WARN_UNUSED_FUNCTION = YES;
				GCC_WARN_UNUSED_VARIABLE = YES;
				IPHONEOS_DEPLOYMENT_TARGET = 16.2;
				MTL_ENABLE_DEBUG_INFO = NO;
				MTL_FAST_MATH = YES;
				SDKROOT = iphoneos;
				SWIFT_COMPILATION_MODE = wholemodule;
				SWIFT_OPTIMIZATION_LEVEL = "-O";
				VALIDATE_PRODUCT = YES;
			};
			name = Release;
		};
		45F13F942995A78400F49B9A /* Debug */ = {
			isa = XCBuildConfiguration;
			buildSettings = {
				ASSETCATALOG_COMPILER_APPICON_NAME = AppIcon;
				ASSETCATALOG_COMPILER_GLOBAL_ACCENT_COLOR_NAME = AccentColor;
				CODE_SIGN_STYLE = Automatic;
				CURRENT_PROJECT_VERSION = 1;
				GENERATE_INFOPLIST_FILE = YES;
				INFOPLIST_FILE = "Telecom-challenge/Info.plist";
				INFOPLIST_KEY_UIApplicationSupportsIndirectInputEvents = YES;
				INFOPLIST_KEY_UILaunchStoryboardName = LaunchScreen;
				INFOPLIST_KEY_UIMainStoryboardFile = Main;
				INFOPLIST_KEY_UISupportedInterfaceOrientations_iPad = "UIInterfaceOrientationPortrait UIInterfaceOrientationPortraitUpsideDown UIInterfaceOrientationLandscapeLeft UIInterfaceOrientationLandscapeRight";
				INFOPLIST_KEY_UISupportedInterfaceOrientations_iPhone = "UIInterfaceOrientationPortrait UIInterfaceOrientationLandscapeLeft UIInterfaceOrientationLandscapeRight";
				LD_RUNPATH_SEARCH_PATHS = (
					"$(inherited)",
					"@executable_path/Frameworks",
				);
				MARKETING_VERSION = 1.0;
				PRODUCT_BUNDLE_IDENTIFIER = "test.Telecom-challenge";
				PRODUCT_NAME = "$(TARGET_NAME)";
				SWIFT_EMIT_LOC_STRINGS = YES;
				SWIFT_VERSION = 5.0;
				TARGETED_DEVICE_FAMILY = "1,2";
			};
			name = Debug;
		};
		45F13F952995A78400F49B9A /* Release */ = {
			isa = XCBuildConfiguration;
			buildSettings = {
				ASSETCATALOG_COMPILER_APPICON_NAME = AppIcon;
				ASSETCATALOG_COMPILER_GLOBAL_ACCENT_COLOR_NAME = AccentColor;
				CODE_SIGN_STYLE = Automatic;
				CURRENT_PROJECT_VERSION = 1;
				GENERATE_INFOPLIST_FILE = YES;
				INFOPLIST_FILE = "Telecom-challenge/Info.plist";
				INFOPLIST_KEY_UIApplicationSupportsIndirectInputEvents = YES;
				INFOPLIST_KEY_UILaunchStoryboardName = LaunchScreen;
				INFOPLIST_KEY_UIMainStoryboardFile = Main;
				INFOPLIST_KEY_UISupportedInterfaceOrientations_iPad = "UIInterfaceOrientationPortrait UIInterfaceOrientationPortraitUpsideDown UIInterfaceOrientationLandscapeLeft UIInterfaceOrientationLandscapeRight";
				INFOPLIST_KEY_UISupportedInterfaceOrientations_iPhone = "UIInterfaceOrientationPortrait UIInterfaceOrientationLandscapeLeft UIInterfaceOrientationLandscapeRight";
				LD_RUNPATH_SEARCH_PATHS = (
					"$(inherited)",
					"@executable_path/Frameworks",
				);
				MARKETING_VERSION = 1.0;
				PRODUCT_BUNDLE_IDENTIFIER = "test.Telecom-challenge";
				PRODUCT_NAME = "$(TARGET_NAME)";
				SWIFT_EMIT_LOC_STRINGS = YES;
				SWIFT_VERSION = 5.0;
				TARGETED_DEVICE_FAMILY = "1,2";
			};
			name = Release;
		};
		45F13F972995A78400F49B9A /* Debug */ = {
			isa = XCBuildConfiguration;
			buildSettings = {
				ALWAYS_EMBED_SWIFT_STANDARD_LIBRARIES = YES;
				BUNDLE_LOADER = "$(TEST_HOST)";
				CODE_SIGN_STYLE = Automatic;
				CURRENT_PROJECT_VERSION = 1;
				GENERATE_INFOPLIST_FILE = YES;
				IPHONEOS_DEPLOYMENT_TARGET = 16.2;
				MARKETING_VERSION = 1.0;
				PRODUCT_BUNDLE_IDENTIFIER = "test.Telecom-challengeTests";
				PRODUCT_NAME = "$(TARGET_NAME)";
				SWIFT_EMIT_LOC_STRINGS = NO;
				SWIFT_VERSION = 5.0;
				TARGETED_DEVICE_FAMILY = "1,2";
				TEST_HOST = "$(BUILT_PRODUCTS_DIR)/Telecom-challenge.app/$(BUNDLE_EXECUTABLE_FOLDER_PATH)/Telecom-challenge";
			};
			name = Debug;
		};
		45F13F982995A78400F49B9A /* Release */ = {
			isa = XCBuildConfiguration;
			buildSettings = {
				ALWAYS_EMBED_SWIFT_STANDARD_LIBRARIES = YES;
				BUNDLE_LOADER = "$(TEST_HOST)";
				CODE_SIGN_STYLE = Automatic;
				CURRENT_PROJECT_VERSION = 1;
				GENERATE_INFOPLIST_FILE = YES;
				IPHONEOS_DEPLOYMENT_TARGET = 16.2;
				MARKETING_VERSION = 1.0;
				PRODUCT_BUNDLE_IDENTIFIER = "test.Telecom-challengeTests";
				PRODUCT_NAME = "$(TARGET_NAME)";
				SWIFT_EMIT_LOC_STRINGS = NO;
				SWIFT_VERSION = 5.0;
				TARGETED_DEVICE_FAMILY = "1,2";
				TEST_HOST = "$(BUILT_PRODUCTS_DIR)/Telecom-challenge.app/$(BUNDLE_EXECUTABLE_FOLDER_PATH)/Telecom-challenge";
			};
			name = Release;
		};
		45F13F9A2995A78400F49B9A /* Debug */ = {
			isa = XCBuildConfiguration;
			buildSettings = {
				ALWAYS_EMBED_SWIFT_STANDARD_LIBRARIES = YES;
				CODE_SIGN_STYLE = Automatic;
				CURRENT_PROJECT_VERSION = 1;
				GENERATE_INFOPLIST_FILE = YES;
				MARKETING_VERSION = 1.0;
				PRODUCT_BUNDLE_IDENTIFIER = "test.Telecom-challengeUITests";
				PRODUCT_NAME = "$(TARGET_NAME)";
				SWIFT_EMIT_LOC_STRINGS = NO;
				SWIFT_VERSION = 5.0;
				TARGETED_DEVICE_FAMILY = "1,2";
				TEST_TARGET_NAME = "Telecom-challenge";
			};
			name = Debug;
		};
		45F13F9B2995A78400F49B9A /* Release */ = {
			isa = XCBuildConfiguration;
			buildSettings = {
				ALWAYS_EMBED_SWIFT_STANDARD_LIBRARIES = YES;
				CODE_SIGN_STYLE = Automatic;
				CURRENT_PROJECT_VERSION = 1;
				GENERATE_INFOPLIST_FILE = YES;
				MARKETING_VERSION = 1.0;
				PRODUCT_BUNDLE_IDENTIFIER = "test.Telecom-challengeUITests";
				PRODUCT_NAME = "$(TARGET_NAME)";
				SWIFT_EMIT_LOC_STRINGS = NO;
				SWIFT_VERSION = 5.0;
				TARGETED_DEVICE_FAMILY = "1,2";
				TEST_TARGET_NAME = "Telecom-challenge";
			};
			name = Release;
		};
/* End XCBuildConfiguration section */

/* Begin XCConfigurationList section */
		45F13F642995A77E00F49B9A /* Build configuration list for PBXProject "Telecom-challenge" */ = {
			isa = XCConfigurationList;
			buildConfigurations = (
				45F13F912995A78400F49B9A /* Debug */,
				45F13F922995A78400F49B9A /* Release */,
			);
			defaultConfigurationIsVisible = 0;
			defaultConfigurationName = Release;
		};
		45F13F932995A78400F49B9A /* Build configuration list for PBXNativeTarget "Telecom-challenge" */ = {
			isa = XCConfigurationList;
			buildConfigurations = (
				45F13F942995A78400F49B9A /* Debug */,
				45F13F952995A78400F49B9A /* Release */,
			);
			defaultConfigurationIsVisible = 0;
			defaultConfigurationName = Release;
		};
		45F13F962995A78400F49B9A /* Build configuration list for PBXNativeTarget "Telecom-challengeTests" */ = {
			isa = XCConfigurationList;
			buildConfigurations = (
				45F13F972995A78400F49B9A /* Debug */,
				45F13F982995A78400F49B9A /* Release */,
			);
			defaultConfigurationIsVisible = 0;
			defaultConfigurationName = Release;
		};
		45F13F992995A78400F49B9A /* Build configuration list for PBXNativeTarget "Telecom-challengeUITests" */ = {
			isa = XCConfigurationList;
			buildConfigurations = (
				45F13F9A2995A78400F49B9A /* Debug */,
				45F13F9B2995A78400F49B9A /* Release */,
			);
			defaultConfigurationIsVisible = 0;
			defaultConfigurationName = Release;
		};
/* End XCConfigurationList section */
	};
	rootObject = 45F13F612995A77E00F49B9A /* Project object */;
}
